// !$*UTF8*$!
{
	archiveVersion = 1;
	classes = {
	};
	objectVersion = 52;
	objects = {

/* Begin PBXBuildFile section */
		9A588783234BF9F000710DD6 /* AppDelegate.swift in Sources */ = {isa = PBXBuildFile; fileRef = 9A588782234BF9F000710DD6 /* AppDelegate.swift */; };
		9A588785234BF9F000710DD6 /* SceneDelegate.swift in Sources */ = {isa = PBXBuildFile; fileRef = 9A588784234BF9F000710DD6 /* SceneDelegate.swift */; };
		9A588787234BF9F000710DD6 /* MainView.swift in Sources */ = {isa = PBXBuildFile; fileRef = 9A588786234BF9F000710DD6 /* MainView.swift */; };
		9A588789234BF9F600710DD6 /* Assets.xcassets in Resources */ = {isa = PBXBuildFile; fileRef = 9A588788234BF9F600710DD6 /* Assets.xcassets */; };
		9A58878C234BF9F600710DD6 /* Preview Assets.xcassets in Resources */ = {isa = PBXBuildFile; fileRef = 9A58878B234BF9F600710DD6 /* Preview Assets.xcassets */; };
		9A58878F234BF9F600710DD6 /* LaunchScreen.storyboard in Resources */ = {isa = PBXBuildFile; fileRef = 9A58878D234BF9F600710DD6 /* LaunchScreen.storyboard */; };
		9A58879A234BF9F700710DD6 /* medplus_riesgos_ios_swiftuiTests.swift in Sources */ = {isa = PBXBuildFile; fileRef = 9A588799234BF9F700710DD6 /* medplus_riesgos_ios_swiftuiTests.swift */; };
		9A5887A5234BF9F700710DD6 /* medplus_riesgos_ios_swiftuiUITests.swift in Sources */ = {isa = PBXBuildFile; fileRef = 9A5887A4234BF9F700710DD6 /* medplus_riesgos_ios_swiftuiUITests.swift */; };
		9A83B24E23624D8300DFEC2A /* HomeView.swift in Sources */ = {isa = PBXBuildFile; fileRef = 9A83B24D23624D8300DFEC2A /* HomeView.swift */; };
		9AFB74592350C257003E64C2 /* Alamofire in Frameworks */ = {isa = PBXBuildFile; productRef = 9AFB74582350C257003E64C2 /* Alamofire */; };
		9AFB745C2350C285003E64C2 /* WebServices.swift in Sources */ = {isa = PBXBuildFile; fileRef = 9AFB745B2350C285003E64C2 /* WebServices.swift */; };
		9AFB745F2350C2EE003E64C2 /* SwiftyJSON in Frameworks */ = {isa = PBXBuildFile; productRef = 9AFB745E2350C2EE003E64C2 /* SwiftyJSON */; };
/* End PBXBuildFile section */

/* Begin PBXContainerItemProxy section */
		9A588796234BF9F700710DD6 /* PBXContainerItemProxy */ = {
			isa = PBXContainerItemProxy;
			containerPortal = 9A588777234BF9F000710DD6 /* Project object */;
			proxyType = 1;
			remoteGlobalIDString = 9A58877E234BF9F000710DD6;
			remoteInfo = "medplus-riesgos-ios-swiftui";
		};
		9A5887A1234BF9F700710DD6 /* PBXContainerItemProxy */ = {
			isa = PBXContainerItemProxy;
			containerPortal = 9A588777234BF9F000710DD6 /* Project object */;
			proxyType = 1;
			remoteGlobalIDString = 9A58877E234BF9F000710DD6;
			remoteInfo = "medplus-riesgos-ios-swiftui";
		};
/* End PBXContainerItemProxy section */

/* Begin PBXFileReference section */
		9A58877F234BF9F000710DD6 /* medplus-riesgos-ios-swiftui.app */ = {isa = PBXFileReference; explicitFileType = wrapper.application; includeInIndex = 0; path = "medplus-riesgos-ios-swiftui.app"; sourceTree = BUILT_PRODUCTS_DIR; };
		9A588782234BF9F000710DD6 /* AppDelegate.swift */ = {isa = PBXFileReference; lastKnownFileType = sourcecode.swift; path = AppDelegate.swift; sourceTree = "<group>"; };
		9A588784234BF9F000710DD6 /* SceneDelegate.swift */ = {isa = PBXFileReference; lastKnownFileType = sourcecode.swift; path = SceneDelegate.swift; sourceTree = "<group>"; };
		9A588786234BF9F000710DD6 /* MainView.swift */ = {isa = PBXFileReference; lastKnownFileType = sourcecode.swift; path = MainView.swift; sourceTree = "<group>"; };
		9A588788234BF9F600710DD6 /* Assets.xcassets */ = {isa = PBXFileReference; lastKnownFileType = folder.assetcatalog; path = Assets.xcassets; sourceTree = "<group>"; };
		9A58878B234BF9F600710DD6 /* Preview Assets.xcassets */ = {isa = PBXFileReference; lastKnownFileType = folder.assetcatalog; path = "Preview Assets.xcassets"; sourceTree = "<group>"; };
		9A58878E234BF9F600710DD6 /* Base */ = {isa = PBXFileReference; lastKnownFileType = file.storyboard; name = Base; path = Base.lproj/LaunchScreen.storyboard; sourceTree = "<group>"; };
		9A588790234BF9F600710DD6 /* Info.plist */ = {isa = PBXFileReference; lastKnownFileType = text.plist.xml; path = Info.plist; sourceTree = "<group>"; };
		9A588795234BF9F700710DD6 /* medplus-riesgos-ios-swiftuiTests.xctest */ = {isa = PBXFileReference; explicitFileType = wrapper.cfbundle; includeInIndex = 0; path = "medplus-riesgos-ios-swiftuiTests.xctest"; sourceTree = BUILT_PRODUCTS_DIR; };
		9A588799234BF9F700710DD6 /* medplus_riesgos_ios_swiftuiTests.swift */ = {isa = PBXFileReference; lastKnownFileType = sourcecode.swift; path = medplus_riesgos_ios_swiftuiTests.swift; sourceTree = "<group>"; };
		9A58879B234BF9F700710DD6 /* Info.plist */ = {isa = PBXFileReference; lastKnownFileType = text.plist.xml; path = Info.plist; sourceTree = "<group>"; };
		9A5887A0234BF9F700710DD6 /* medplus-riesgos-ios-swiftuiUITests.xctest */ = {isa = PBXFileReference; explicitFileType = wrapper.cfbundle; includeInIndex = 0; path = "medplus-riesgos-ios-swiftuiUITests.xctest"; sourceTree = BUILT_PRODUCTS_DIR; };
		9A5887A4234BF9F700710DD6 /* medplus_riesgos_ios_swiftuiUITests.swift */ = {isa = PBXFileReference; lastKnownFileType = sourcecode.swift; path = medplus_riesgos_ios_swiftuiUITests.swift; sourceTree = "<group>"; };
		9A5887A6234BF9F700710DD6 /* Info.plist */ = {isa = PBXFileReference; lastKnownFileType = text.plist.xml; path = Info.plist; sourceTree = "<group>"; };
		9A83B24D23624D8300DFEC2A /* HomeView.swift */ = {isa = PBXFileReference; lastKnownFileType = sourcecode.swift; path = HomeView.swift; sourceTree = "<group>"; };
		9AFB745B2350C285003E64C2 /* WebServices.swift */ = {isa = PBXFileReference; lastKnownFileType = sourcecode.swift; path = WebServices.swift; sourceTree = "<group>"; };
/* End PBXFileReference section */

/* Begin PBXFrameworksBuildPhase section */
		9A58877C234BF9F000710DD6 /* Frameworks */ = {
			isa = PBXFrameworksBuildPhase;
			buildActionMask = 2147483647;
			files = (
				9AFB745F2350C2EE003E64C2 /* SwiftyJSON in Frameworks */,
				9AFB74592350C257003E64C2 /* Alamofire in Frameworks */,
			);
			runOnlyForDeploymentPostprocessing = 0;
		};
		9A588792234BF9F700710DD6 /* Frameworks */ = {
			isa = PBXFrameworksBuildPhase;
			buildActionMask = 2147483647;
			files = (
			);
			runOnlyForDeploymentPostprocessing = 0;
		};
		9A58879D234BF9F700710DD6 /* Frameworks */ = {
			isa = PBXFrameworksBuildPhase;
			buildActionMask = 2147483647;
			files = (
			);
			runOnlyForDeploymentPostprocessing = 0;
		};
/* End PBXFrameworksBuildPhase section */

/* Begin PBXGroup section */
		9A588776234BF9F000710DD6 = {
			isa = PBXGroup;
			children = (
				9A588781234BF9F000710DD6 /* medplus-riesgos-ios-swiftui */,
				9A588798234BF9F700710DD6 /* medplus-riesgos-ios-swiftuiTests */,
				9A5887A3234BF9F700710DD6 /* medplus-riesgos-ios-swiftuiUITests */,
				9A588780234BF9F000710DD6 /* Products */,
			);
			sourceTree = "<group>";
		};
		9A588780234BF9F000710DD6 /* Products */ = {
			isa = PBXGroup;
			children = (
				9A58877F234BF9F000710DD6 /* medplus-riesgos-ios-swiftui.app */,
				9A588795234BF9F700710DD6 /* medplus-riesgos-ios-swiftuiTests.xctest */,
				9A5887A0234BF9F700710DD6 /* medplus-riesgos-ios-swiftuiUITests.xctest */,
			);
			name = Products;
			sourceTree = "<group>";
		};
		9A588781234BF9F000710DD6 /* medplus-riesgos-ios-swiftui */ = {
			isa = PBXGroup;
			children = (
				9AFB745A2350C26E003E64C2 /* WebServices */,
				9A588782234BF9F000710DD6 /* AppDelegate.swift */,
				9A588784234BF9F000710DD6 /* SceneDelegate.swift */,
				9A588786234BF9F000710DD6 /* MainView.swift */,
				9A588788234BF9F600710DD6 /* Assets.xcassets */,
				9A58878D234BF9F600710DD6 /* LaunchScreen.storyboard */,
				9A588790234BF9F600710DD6 /* Info.plist */,
				9A58878A234BF9F600710DD6 /* Preview Content */,
				9A83B24D23624D8300DFEC2A /* HomeView.swift */,
			);
			path = "medplus-riesgos-ios-swiftui";
			sourceTree = "<group>";
		};
		9A58878A234BF9F600710DD6 /* Preview Content */ = {
			isa = PBXGroup;
			children = (
				9A58878B234BF9F600710DD6 /* Preview Assets.xcassets */,
			);
			path = "Preview Content";
			sourceTree = "<group>";
		};
		9A588798234BF9F700710DD6 /* medplus-riesgos-ios-swiftuiTests */ = {
			isa = PBXGroup;
			children = (
				9A588799234BF9F700710DD6 /* medplus_riesgos_ios_swiftuiTests.swift */,
				9A58879B234BF9F700710DD6 /* Info.plist */,
			);
			path = "medplus-riesgos-ios-swiftuiTests";
			sourceTree = "<group>";
		};
		9A5887A3234BF9F700710DD6 /* medplus-riesgos-ios-swiftuiUITests */ = {
			isa = PBXGroup;
			children = (
				9A5887A4234BF9F700710DD6 /* medplus_riesgos_ios_swiftuiUITests.swift */,
				9A5887A6234BF9F700710DD6 /* Info.plist */,
			);
			path = "medplus-riesgos-ios-swiftuiUITests";
			sourceTree = "<group>";
		};
		9AFB745A2350C26E003E64C2 /* WebServices */ = {
			isa = PBXGroup;
			children = (
				9AFB745B2350C285003E64C2 /* WebServices.swift */,
			);
			path = WebServices;
			sourceTree = "<group>";
		};
/* End PBXGroup section */

/* Begin PBXNativeTarget section */
		9A58877E234BF9F000710DD6 /* medplus-riesgos-ios-swiftui */ = {
			isa = PBXNativeTarget;
			buildConfigurationList = 9A5887A9234BF9F700710DD6 /* Build configuration list for PBXNativeTarget "medplus-riesgos-ios-swiftui" */;
			buildPhases = (
				9A58877B234BF9F000710DD6 /* Sources */,
				9A58877C234BF9F000710DD6 /* Frameworks */,
				9A58877D234BF9F000710DD6 /* Resources */,
			);
			buildRules = (
			);
			dependencies = (
			);
			name = "medplus-riesgos-ios-swiftui";
			packageProductDependencies = (
				9AFB74582350C257003E64C2 /* Alamofire */,
				9AFB745E2350C2EE003E64C2 /* SwiftyJSON */,
			);
			productName = "medplus-riesgos-ios-swiftui";
			productReference = 9A58877F234BF9F000710DD6 /* medplus-riesgos-ios-swiftui.app */;
			productType = "com.apple.product-type.application";
		};
		9A588794234BF9F700710DD6 /* medplus-riesgos-ios-swiftuiTests */ = {
			isa = PBXNativeTarget;
			buildConfigurationList = 9A5887AC234BF9F700710DD6 /* Build configuration list for PBXNativeTarget "medplus-riesgos-ios-swiftuiTests" */;
			buildPhases = (
				9A588791234BF9F700710DD6 /* Sources */,
				9A588792234BF9F700710DD6 /* Frameworks */,
				9A588793234BF9F700710DD6 /* Resources */,
			);
			buildRules = (
			);
			dependencies = (
				9A588797234BF9F700710DD6 /* PBXTargetDependency */,
			);
			name = "medplus-riesgos-ios-swiftuiTests";
			productName = "medplus-riesgos-ios-swiftuiTests";
			productReference = 9A588795234BF9F700710DD6 /* medplus-riesgos-ios-swiftuiTests.xctest */;
			productType = "com.apple.product-type.bundle.unit-test";
		};
		9A58879F234BF9F700710DD6 /* medplus-riesgos-ios-swiftuiUITests */ = {
			isa = PBXNativeTarget;
			buildConfigurationList = 9A5887AF234BF9F700710DD6 /* Build configuration list for PBXNativeTarget "medplus-riesgos-ios-swiftuiUITests" */;
			buildPhases = (
				9A58879C234BF9F700710DD6 /* Sources */,
				9A58879D234BF9F700710DD6 /* Frameworks */,
				9A58879E234BF9F700710DD6 /* Resources */,
			);
			buildRules = (
			);
			dependencies = (
				9A5887A2234BF9F700710DD6 /* PBXTargetDependency */,
			);
			name = "medplus-riesgos-ios-swiftuiUITests";
			productName = "medplus-riesgos-ios-swiftuiUITests";
			productReference = 9A5887A0234BF9F700710DD6 /* medplus-riesgos-ios-swiftuiUITests.xctest */;
			productType = "com.apple.product-type.bundle.ui-testing";
		};
/* End PBXNativeTarget section */

/* Begin PBXProject section */
		9A588777234BF9F000710DD6 /* Project object */ = {
			isa = PBXProject;
			attributes = {
				LastSwiftUpdateCheck = 1100;
				LastUpgradeCheck = 1100;
				ORGANIZATIONNAME = Proximate;
				TargetAttributes = {
					9A58877E234BF9F000710DD6 = {
						CreatedOnToolsVersion = 11.0;
					};
					9A588794234BF9F700710DD6 = {
						CreatedOnToolsVersion = 11.0;
						TestTargetID = 9A58877E234BF9F000710DD6;
					};
					9A58879F234BF9F700710DD6 = {
						CreatedOnToolsVersion = 11.0;
						TestTargetID = 9A58877E234BF9F000710DD6;
					};
				};
			};
			buildConfigurationList = 9A58877A234BF9F000710DD6 /* Build configuration list for PBXProject "medplus-riesgos-ios-swiftui" */;
			compatibilityVersion = "Xcode 9.3";
			developmentRegion = en;
			hasScannedForEncodings = 0;
			knownRegions = (
				en,
				Base,
			);
			mainGroup = 9A588776234BF9F000710DD6;
			packageReferences = (
				9AFB74572350C257003E64C2 /* XCRemoteSwiftPackageReference "Alamofire" */,
				9AFB745D2350C2EE003E64C2 /* XCRemoteSwiftPackageReference "SwiftyJSON" */,
			);
			productRefGroup = 9A588780234BF9F000710DD6 /* Products */;
			projectDirPath = "";
			projectRoot = "";
			targets = (
				9A58877E234BF9F000710DD6 /* medplus-riesgos-ios-swiftui */,
				9A588794234BF9F700710DD6 /* medplus-riesgos-ios-swiftuiTests */,
				9A58879F234BF9F700710DD6 /* medplus-riesgos-ios-swiftuiUITests */,
			);
		};
/* End PBXProject section */

/* Begin PBXResourcesBuildPhase section */
		9A58877D234BF9F000710DD6 /* Resources */ = {
			isa = PBXResourcesBuildPhase;
			buildActionMask = 2147483647;
			files = (
				9A58878F234BF9F600710DD6 /* LaunchScreen.storyboard in Resources */,
				9A58878C234BF9F600710DD6 /* Preview Assets.xcassets in Resources */,
				9A588789234BF9F600710DD6 /* Assets.xcassets in Resources */,
			);
			runOnlyForDeploymentPostprocessing = 0;
		};
		9A588793234BF9F700710DD6 /* Resources */ = {
			isa = PBXResourcesBuildPhase;
			buildActionMask = 2147483647;
			files = (
			);
			runOnlyForDeploymentPostprocessing = 0;
		};
		9A58879E234BF9F700710DD6 /* Resources */ = {
			isa = PBXResourcesBuildPhase;
			buildActionMask = 2147483647;
			files = (
			);
			runOnlyForDeploymentPostprocessing = 0;
		};
/* End PBXResourcesBuildPhase section */

/* Begin PBXSourcesBuildPhase section */
		9A58877B234BF9F000710DD6 /* Sources */ = {
			isa = PBXSourcesBuildPhase;
			buildActionMask = 2147483647;
			files = (
				9A588783234BF9F000710DD6 /* AppDelegate.swift in Sources */,
				9A588785234BF9F000710DD6 /* SceneDelegate.swift in Sources */,
				9AFB745C2350C285003E64C2 /* WebServices.swift in Sources */,
				9A83B24E23624D8300DFEC2A /* HomeView.swift in Sources */,
				9A588787234BF9F000710DD6 /* MainView.swift in Sources */,
			);
			runOnlyForDeploymentPostprocessing = 0;
		};
		9A588791234BF9F700710DD6 /* Sources */ = {
			isa = PBXSourcesBuildPhase;
			buildActionMask = 2147483647;
			files = (
				9A58879A234BF9F700710DD6 /* medplus_riesgos_ios_swiftuiTests.swift in Sources */,
			);
			runOnlyForDeploymentPostprocessing = 0;
		};
		9A58879C234BF9F700710DD6 /* Sources */ = {
			isa = PBXSourcesBuildPhase;
			buildActionMask = 2147483647;
			files = (
				9A5887A5234BF9F700710DD6 /* medplus_riesgos_ios_swiftuiUITests.swift in Sources */,
			);
			runOnlyForDeploymentPostprocessing = 0;
		};
/* End PBXSourcesBuildPhase section */

/* Begin PBXTargetDependency section */
		9A588797234BF9F700710DD6 /* PBXTargetDependency */ = {
			isa = PBXTargetDependency;
			target = 9A58877E234BF9F000710DD6 /* medplus-riesgos-ios-swiftui */;
			targetProxy = 9A588796234BF9F700710DD6 /* PBXContainerItemProxy */;
		};
		9A5887A2234BF9F700710DD6 /* PBXTargetDependency */ = {
			isa = PBXTargetDependency;
			target = 9A58877E234BF9F000710DD6 /* medplus-riesgos-ios-swiftui */;
			targetProxy = 9A5887A1234BF9F700710DD6 /* PBXContainerItemProxy */;
		};
/* End PBXTargetDependency section */

/* Begin PBXVariantGroup section */
		9A58878D234BF9F600710DD6 /* LaunchScreen.storyboard */ = {
			isa = PBXVariantGroup;
			children = (
				9A58878E234BF9F600710DD6 /* Base */,
			);
			name = LaunchScreen.storyboard;
			sourceTree = "<group>";
		};
/* End PBXVariantGroup section */

/* Begin XCBuildConfiguration section */
		9A5887A7234BF9F700710DD6 /* Debug */ = {
			isa = XCBuildConfiguration;
			buildSettings = {
				ALWAYS_SEARCH_USER_PATHS = NO;
				CLANG_ANALYZER_NONNULL = YES;
				CLANG_ANALYZER_NUMBER_OBJECT_CONVERSION = YES_AGGRESSIVE;
				CLANG_CXX_LANGUAGE_STANDARD = "gnu++14";
				CLANG_CXX_LIBRARY = "libc++";
				CLANG_ENABLE_MODULES = YES;
				CLANG_ENABLE_OBJC_ARC = YES;
				CLANG_ENABLE_OBJC_WEAK = YES;
				CLANG_WARN_BLOCK_CAPTURE_AUTORELEASING = YES;
				CLANG_WARN_BOOL_CONVERSION = YES;
				CLANG_WARN_COMMA = YES;
				CLANG_WARN_CONSTANT_CONVERSION = YES;
				CLANG_WARN_DEPRECATED_OBJC_IMPLEMENTATIONS = YES;
				CLANG_WARN_DIRECT_OBJC_ISA_USAGE = YES_ERROR;
				CLANG_WARN_DOCUMENTATION_COMMENTS = YES;
				CLANG_WARN_EMPTY_BODY = YES;
				CLANG_WARN_ENUM_CONVERSION = YES;
				CLANG_WARN_INFINITE_RECURSION = YES;
				CLANG_WARN_INT_CONVERSION = YES;
				CLANG_WARN_NON_LITERAL_NULL_CONVERSION = YES;
				CLANG_WARN_OBJC_IMPLICIT_RETAIN_SELF = YES;
				CLANG_WARN_OBJC_LITERAL_CONVERSION = YES;
				CLANG_WARN_OBJC_ROOT_CLASS = YES_ERROR;
				CLANG_WARN_RANGE_LOOP_ANALYSIS = YES;
				CLANG_WARN_STRICT_PROTOTYPES = YES;
				CLANG_WARN_SUSPICIOUS_MOVE = YES;
				CLANG_WARN_UNGUARDED_AVAILABILITY = YES_AGGRESSIVE;
				CLANG_WARN_UNREACHABLE_CODE = YES;
				CLANG_WARN__DUPLICATE_METHOD_MATCH = YES;
				COPY_PHASE_STRIP = NO;
				DEBUG_INFORMATION_FORMAT = dwarf;
				ENABLE_STRICT_OBJC_MSGSEND = YES;
				ENABLE_TESTABILITY = YES;
				GCC_C_LANGUAGE_STANDARD = gnu11;
				GCC_DYNAMIC_NO_PIC = NO;
				GCC_NO_COMMON_BLOCKS = YES;
				GCC_OPTIMIZATION_LEVEL = 0;
				GCC_PREPROCESSOR_DEFINITIONS = (
					"DEBUG=1",
					"$(inherited)",
				);
				GCC_WARN_64_TO_32_BIT_CONVERSION = YES;
				GCC_WARN_ABOUT_RETURN_TYPE = YES_ERROR;
				GCC_WARN_UNDECLARED_SELECTOR = YES;
				GCC_WARN_UNINITIALIZED_AUTOS = YES_AGGRESSIVE;
				GCC_WARN_UNUSED_FUNCTION = YES;
				GCC_WARN_UNUSED_VARIABLE = YES;
				IPHONEOS_DEPLOYMENT_TARGET = 13.0;
				MTL_ENABLE_DEBUG_INFO = INCLUDE_SOURCE;
				MTL_FAST_MATH = YES;
				ONLY_ACTIVE_ARCH = YES;
				SDKROOT = iphoneos;
				SWIFT_ACTIVE_COMPILATION_CONDITIONS = DEBUG;
				SWIFT_OPTIMIZATION_LEVEL = "-Onone";
			};
			name = Debug;
		};
		9A5887A8234BF9F700710DD6 /* Release */ = {
			isa = XCBuildConfiguration;
			buildSettings = {
				ALWAYS_SEARCH_USER_PATHS = NO;
				CLANG_ANALYZER_NONNULL = YES;
				CLANG_ANALYZER_NUMBER_OBJECT_CONVERSION = YES_AGGRESSIVE;
				CLANG_CXX_LANGUAGE_STANDARD = "gnu++14";
				CLANG_CXX_LIBRARY = "libc++";
				CLANG_ENABLE_MODULES = YES;
				CLANG_ENABLE_OBJC_ARC = YES;
				CLANG_ENABLE_OBJC_WEAK = YES;
				CLANG_WARN_BLOCK_CAPTURE_AUTORELEASING = YES;
				CLANG_WARN_BOOL_CONVERSION = YES;
				CLANG_WARN_COMMA = YES;
				CLANG_WARN_CONSTANT_CONVERSION = YES;
				CLANG_WARN_DEPRECATED_OBJC_IMPLEMENTATIONS = YES;
				CLANG_WARN_DIRECT_OBJC_ISA_USAGE = YES_ERROR;
				CLANG_WARN_DOCUMENTATION_COMMENTS = YES;
				CLANG_WARN_EMPTY_BODY = YES;
				CLANG_WARN_ENUM_CONVERSION = YES;
				CLANG_WARN_INFINITE_RECURSION = YES;
				CLANG_WARN_INT_CONVERSION = YES;
				CLANG_WARN_NON_LITERAL_NULL_CONVERSION = YES;
				CLANG_WARN_OBJC_IMPLICIT_RETAIN_SELF = YES;
				CLANG_WARN_OBJC_LITERAL_CONVERSION = YES;
				CLANG_WARN_OBJC_ROOT_CLASS = YES_ERROR;
				CLANG_WARN_RANGE_LOOP_ANALYSIS = YES;
				CLANG_WARN_STRICT_PROTOTYPES = YES;
				CLANG_WARN_SUSPICIOUS_MOVE = YES;
				CLANG_WARN_UNGUARDED_AVAILABILITY = YES_AGGRESSIVE;
				CLANG_WARN_UNREACHABLE_CODE = YES;
				CLANG_WARN__DUPLICATE_METHOD_MATCH = YES;
				COPY_PHASE_STRIP = NO;
				DEBUG_INFORMATION_FORMAT = "dwarf-with-dsym";
				ENABLE_NS_ASSERTIONS = NO;
				ENABLE_STRICT_OBJC_MSGSEND = YES;
				GCC_C_LANGUAGE_STANDARD = gnu11;
				GCC_NO_COMMON_BLOCKS = YES;
				GCC_WARN_64_TO_32_BIT_CONVERSION = YES;
				GCC_WARN_ABOUT_RETURN_TYPE = YES_ERROR;
				GCC_WARN_UNDECLARED_SELECTOR = YES;
				GCC_WARN_UNINITIALIZED_AUTOS = YES_AGGRESSIVE;
				GCC_WARN_UNUSED_FUNCTION = YES;
				GCC_WARN_UNUSED_VARIABLE = YES;
				IPHONEOS_DEPLOYMENT_TARGET = 13.0;
				MTL_ENABLE_DEBUG_INFO = NO;
				MTL_FAST_MATH = YES;
				SDKROOT = iphoneos;
				SWIFT_COMPILATION_MODE = wholemodule;
				SWIFT_OPTIMIZATION_LEVEL = "-O";
				VALIDATE_PRODUCT = YES;
			};
			name = Release;
		};
		9A5887AA234BF9F700710DD6 /* Debug */ = {
			isa = XCBuildConfiguration;
			buildSettings = {
				ASSETCATALOG_COMPILER_APPICON_NAME = AppIcon;
				CODE_SIGN_IDENTITY = "iPhone Developer";
				CODE_SIGN_STYLE = Manual;
				DEVELOPMENT_ASSET_PATHS = "\"medplus-riesgos-ios-swiftui/Preview Content\"";
				DEVELOPMENT_TEAM = 89GT63YLQ2;
				ENABLE_PREVIEWS = YES;
				INFOPLIST_FILE = "medplus-riesgos-ios-swiftui/Info.plist";
				LD_RUNPATH_SEARCH_PATHS = (
					"$(inherited)",
					"@executable_path/Frameworks",
				);
				PRODUCT_BUNDLE_IDENTIFIER = com.proximate.enterprise.medplusriesgos;
				PRODUCT_NAME = "$(TARGET_NAME)";
				PROVISIONING_PROFILE_SPECIFIER = medplusRiesgos300719;
				SWIFT_VERSION = 5.0;
				TARGETED_DEVICE_FAMILY = 1;
			};
			name = Debug;
		};
		9A5887AB234BF9F700710DD6 /* Release */ = {
			isa = XCBuildConfiguration;
			buildSettings = {
				ASSETCATALOG_COMPILER_APPICON_NAME = AppIcon;
				CODE_SIGN_IDENTITY = "iPhone Developer";
				CODE_SIGN_STYLE = Manual;
				DEVELOPMENT_ASSET_PATHS = "\"medplus-riesgos-ios-swiftui/Preview Content\"";
				DEVELOPMENT_TEAM = 89GT63YLQ2;
				ENABLE_PREVIEWS = YES;
				INFOPLIST_FILE = "medplus-riesgos-ios-swiftui/Info.plist";
				LD_RUNPATH_SEARCH_PATHS = (
					"$(inherited)",
					"@executable_path/Frameworks",
				);
				PRODUCT_BUNDLE_IDENTIFIER = com.proximate.enterprise.medplusriesgos;
				PRODUCT_NAME = "$(TARGET_NAME)";
				PROVISIONING_PROFILE_SPECIFIER = medplusRiesgos300719;
				SWIFT_VERSION = 5.0;
				TARGETED_DEVICE_FAMILY = 1;
			};
			name = Release;
		};
		9A5887AD234BF9F700710DD6 /* Debug */ = {
			isa = XCBuildConfiguration;
			buildSettings = {
				ALWAYS_EMBED_SWIFT_STANDARD_LIBRARIES = YES;
				BUNDLE_LOADER = "$(TEST_HOST)";
				CODE_SIGN_STYLE = Automatic;
				INFOPLIST_FILE = "medplus-riesgos-ios-swiftuiTests/Info.plist";
				IPHONEOS_DEPLOYMENT_TARGET = 13.0;
				LD_RUNPATH_SEARCH_PATHS = (
					"$(inherited)",
					"@executable_path/Frameworks",
					"@loader_path/Frameworks",
				);
				PRODUCT_BUNDLE_IDENTIFIER = "com.proximate.enterprise.medplusriesgos.medplus-riesgos-ios-swiftuiTests";
				PRODUCT_NAME = "$(TARGET_NAME)";
				SWIFT_VERSION = 5.0;
				TARGETED_DEVICE_FAMILY = "1,2";
				TEST_HOST = "$(BUILT_PRODUCTS_DIR)/medplus-riesgos-ios-swiftui.app/medplus-riesgos-ios-swiftui";
			};
			name = Debug;
		};
		9A5887AE234BF9F700710DD6 /* Release */ = {
			isa = XCBuildConfiguration;
			buildSettings = {
				ALWAYS_EMBED_SWIFT_STANDARD_LIBRARIES = YES;
				BUNDLE_LOADER = "$(TEST_HOST)";
				CODE_SIGN_STYLE = Automatic;
				INFOPLIST_FILE = "medplus-riesgos-ios-swiftuiTests/Info.plist";
				IPHONEOS_DEPLOYMENT_TARGET = 13.0;
				LD_RUNPATH_SEARCH_PATHS = (
					"$(inherited)",
					"@executable_path/Frameworks",
					"@loader_path/Frameworks",
				);
				PRODUCT_BUNDLE_IDENTIFIER = "com.proximate.enterprise.medplusriesgos.medplus-riesgos-ios-swiftuiTests";
				PRODUCT_NAME = "$(TARGET_NAME)";
				SWIFT_VERSION = 5.0;
				TARGETED_DEVICE_FAMILY = "1,2";
				TEST_HOST = "$(BUILT_PRODUCTS_DIR)/medplus-riesgos-ios-swiftui.app/medplus-riesgos-ios-swiftui";
			};
			name = Release;
		};
		9A5887B0234BF9F700710DD6 /* Debug */ = {
			isa = XCBuildConfiguration;
			buildSettings = {
				ALWAYS_EMBED_SWIFT_STANDARD_LIBRARIES = YES;
				CODE_SIGN_STYLE = Automatic;
				INFOPLIST_FILE = "medplus-riesgos-ios-swiftuiUITests/Info.plist";
				LD_RUNPATH_SEARCH_PATHS = (
					"$(inherited)",
					"@executable_path/Frameworks",
					"@loader_path/Frameworks",
				);
				PRODUCT_BUNDLE_IDENTIFIER = "com.proximate.enterprise.medplusriesgos.medplus-riesgos-ios-swiftuiUITests";
				PRODUCT_NAME = "$(TARGET_NAME)";
				SWIFT_VERSION = 5.0;
				TARGETED_DEVICE_FAMILY = "1,2";
				TEST_TARGET_NAME = "medplus-riesgos-ios-swiftui";
			};
			name = Debug;
		};
		9A5887B1234BF9F700710DD6 /* Release */ = {
			isa = XCBuildConfiguration;
			buildSettings = {
				ALWAYS_EMBED_SWIFT_STANDARD_LIBRARIES = YES;
				CODE_SIGN_STYLE = Automatic;
				INFOPLIST_FILE = "medplus-riesgos-ios-swiftuiUITests/Info.plist";
				LD_RUNPATH_SEARCH_PATHS = (
					"$(inherited)",
					"@executable_path/Frameworks",
					"@loader_path/Frameworks",
				);
				PRODUCT_BUNDLE_IDENTIFIER = "com.proximate.enterprise.medplusriesgos.medplus-riesgos-ios-swiftuiUITests";
				PRODUCT_NAME = "$(TARGET_NAME)";
				SWIFT_VERSION = 5.0;
				TARGETED_DEVICE_FAMILY = "1,2";
				TEST_TARGET_NAME = "medplus-riesgos-ios-swiftui";
			};
			name = Release;
		};
/* End XCBuildConfiguration section */

/* Begin XCConfigurationList section */
		9A58877A234BF9F000710DD6 /* Build configuration list for PBXProject "medplus-riesgos-ios-swiftui" */ = {
			isa = XCConfigurationList;
			buildConfigurations = (
				9A5887A7234BF9F700710DD6 /* Debug */,
				9A5887A8234BF9F700710DD6 /* Release */,
			);
			defaultConfigurationIsVisible = 0;
			defaultConfigurationName = Release;
		};
		9A5887A9234BF9F700710DD6 /* Build configuration list for PBXNativeTarget "medplus-riesgos-ios-swiftui" */ = {
			isa = XCConfigurationList;
			buildConfigurations = (
				9A5887AA234BF9F700710DD6 /* Debug */,
				9A5887AB234BF9F700710DD6 /* Release */,
			);
			defaultConfigurationIsVisible = 0;
			defaultConfigurationName = Release;
		};
		9A5887AC234BF9F700710DD6 /* Build configuration list for PBXNativeTarget "medplus-riesgos-ios-swiftuiTests" */ = {
			isa = XCConfigurationList;
			buildConfigurations = (
				9A5887AD234BF9F700710DD6 /* Debug */,
				9A5887AE234BF9F700710DD6 /* Release */,
			);
			defaultConfigurationIsVisible = 0;
			defaultConfigurationName = Release;
		};
		9A5887AF234BF9F700710DD6 /* Build configuration list for PBXNativeTarget "medplus-riesgos-ios-swiftuiUITests" */ = {
			isa = XCConfigurationList;
			buildConfigurations = (
				9A5887B0234BF9F700710DD6 /* Debug */,
				9A5887B1234BF9F700710DD6 /* Release */,
			);
			defaultConfigurationIsVisible = 0;
			defaultConfigurationName = Release;
		};
/* End XCConfigurationList section */

/* Begin XCRemoteSwiftPackageReference section */
		9AFB74572350C257003E64C2 /* XCRemoteSwiftPackageReference "Alamofire" */ = {
			isa = XCRemoteSwiftPackageReference;
			repositoryURL = "https://github.com/Alamofire/Alamofire";
			requirement = {
				kind = upToNextMajorVersion;
				minimumVersion = 4.9.0;
			};
		};
		9AFB745D2350C2EE003E64C2 /* XCRemoteSwiftPackageReference "SwiftyJSON" */ = {
			isa = XCRemoteSwiftPackageReference;
			repositoryURL = "https://github.com/SwiftyJSON/SwiftyJSON";
			requirement = {
				kind = upToNextMajorVersion;
				minimumVersion = 5.0.0;
			};
		};
/* End XCRemoteSwiftPackageReference section */

/* Begin XCSwiftPackageProductDependency section */
		9AFB74582350C257003E64C2 /* Alamofire */ = {
			isa = XCSwiftPackageProductDependency;
			package = 9AFB74572350C257003E64C2 /* XCRemoteSwiftPackageReference "Alamofire" */;
			productName = Alamofire;
		};
		9AFB745E2350C2EE003E64C2 /* SwiftyJSON */ = {
			isa = XCSwiftPackageProductDependency;
			package = 9AFB745D2350C2EE003E64C2 /* XCRemoteSwiftPackageReference "SwiftyJSON" */;
			productName = SwiftyJSON;
		};
/* End XCSwiftPackageProductDependency section */
	};
	rootObject = 9A588777234BF9F000710DD6 /* Project object */;
}
